lockfileVersion: '9.0'

settings:
  autoInstallPeers: true
  excludeLinksFromLockfile: false

importers:

  .: {}

  examples/content-agent:
    dependencies:
      '@mainspring/brains':
        specifier: workspace:*
        version: link:../../packages/brains
      '@mainspring/core':
        specifier: workspace:*
        version: link:../../packages/core
      '@mainspring/governance':
        specifier: workspace:*
        version: link:../../packages/governance
      '@mainspring/ledger':
        specifier: workspace:*
        version: link:../../packages/ledger
      '@mainspring/memory':
        specifier: workspace:*
        version: link:../../packages/memory
      '@mainspring/relay':
        specifier: workspace:*
        version: link:../../packages/relay
    devDependencies:
      '@types/node':
        specifier: ^22.10.2
        version: 22.20.0
      typescript:
        specifier: ^5.6.3
        version: 5.9.3

  examples/full-stack-test:
    dependencies:
      '@mainspring/brains':
        specifier: workspace:*
        version: link:../../packages/brains
      '@mainspring/core':
        specifier: workspace:*
        version: link:../../packages/core
      '@mainspring/governance':
        specifier: workspace:*
        version: link:../../packages/governance
      '@mainspring/ledger':
        specifier: workspace:*
        version: link:../../packages/ledger
      '@mainspring/memory':
        specifier: workspace:*
        version: link:../../packages/memory
      '@mainspring/relay':
        specifier: workspace:*
        version: link:../../packages/relay
      '@mainspring/scrub':
        specifier: workspace:*
        version: link:../../packages/scrub
    devDependencies:
      '@types/node':
        specifier: ^22.10.2
        version: 22.20.0
      typescript:
        specifier: ^5.6.3
        version: 5.9.3

  examples/hello-business:
    dependencies:
      '@mainspring/core':
        specifier: workspace:*
        version: link:../../packages/core
    devDependencies:
      '@mainspring/cli':
        specifier: workspace:*
        version: link:../../packages/cli

  examples/quickstart:
    dependencies:
      '@mainspring/brains':
        specifier: workspace:*
        version: link:../../packages/brains
      '@mainspring/core':
        specifier: workspace:*
        version: link:../../packages/core
      '@mainspring/governance':
        specifier: workspace:*
        version: link:../../packages/governance
      '@mainspring/ledger':
        specifier: workspace:*
        version: link:../../packages/ledger
      '@mainspring/memory':
        specifier: workspace:*
        version: link:../../packages/memory
    devDependencies:
      '@types/node':
        specifier: ^22.10.2
        version: 22.20.0
      typescript:
        specifier: ^5.6.3
        version: 5.9.3

  packages/brains:
    devDependencies:
      '@types/node':
        specifier: ^22.10.2
        version: 22.20.0
      typescript:
        specifier: ^5.6.3
        version: 5.9.3

  packages/broker:
    dependencies:
      '@mainspring/ledger':
        specifier: workspace:*
        version: link:../ledger
    devDependencies:
      '@types/node':
        specifier: ^22.10.2
        version: 22.20.0
      typescript:
        specifier: ^5.6.3
        version: 5.9.3

  packages/cli:
    dependencies:
      '@mainspring/core':
        specifier: workspace:*
        version: link:../core
      typescript:
        specifier: ^5.6.3
        version: 5.9.3
    devDependencies:
      '@types/node':
        specifier: ^22.10.2
        version: 22.20.0

  packages/core:
    devDependencies:
      '@types/node':
        specifier: ^22.10.2
        version: 22.20.0
      typescript:
        specifier: ^5.6.3
        version: 5.9.3

  packages/governance:
    devDependencies:
      '@types/node':
        specifier: ^22.10.2
        version: 22.20.0
      typescript:
        specifier: ^5.6.3
        version: 5.9.3

  packages/ledger:
    devDependencies:
      '@types/node':
        specifier: ^22.10.2
        version: 22.20.0
      typescript:
        specifier: ^5.6.3
        version: 5.9.3

  packages/memory:
    devDependencies:
      '@types/node':
        specifier: ^22.10.2
        version: 22.20.0
      typescript:
        specifier: ^5.6.3
        version: 5.9.3

  packages/relay:
    devDependencies:
      '@types/node':
        specifier: ^22.10.2
        version: 22.20.0
      typescript:
        specifier: ^5.6.3
        version: 5.9.3

  packages/schedule:
    devDependencies:
      '@types/node':
        specifier: ^22.10.2
        version: 22.20.0
      typescript:
        specifier: ^5.6.3
        version: 5.9.3

  packages/scrub:
    devDependencies:
      '@types/node':
        specifier: ^22.10.2
        version: 22.20.0
      typescript:
        specifier: ^5.6.3
        version: 5.9.3

packages:

  '@types/node@22.20.0':
    resolution: {integrity: sha512-QWlFW2wf3nTjC13/DqRnBpR4ZO36VJH/JVBkA/vcnmbTBNQIlnObqyqZE1tUR7+Ni23Lda8R1BxMfbXRpCUx5g==}

  typescript@5.9.3:
    resolution: {integrity: sha512-jl1vZzPDinLr9eUt3J/t7V6FgNEw9QjvBPdysz9KfQDD41fQrC2Y4vKQdiaUpFT4bXlb1RHhLpp8wtm6M5TgSw==}
    engines: {node: '>=14.17'}
    hasBin: true

  undici-types@6.21.0:
    resolution: {integrity: sha512-iwDZqg0QAGrg9Rav5H4n0M64c3mkR59cJ6wQp+7C4nI0gsmExaedaYLNO44eT4AtBBwjbTiGPMlt2Md0T9H9JQ==}

snapshots:

  '@types/node@22.20.0':
    dependencies:
      undici-types: 6.21.0

  typescript@5.9.3: {}

  undici-types@6.21.0: {}
